
Microsoft Visual Studio Solution File, Format Version 12.00
Project("{FAE04EC0-301F-11D3-BF4B-00C04F79EFBC}") = "ClientServiceRazor", "ClientServiceRazor\ClientServiceRazor.csproj", "{FE087708-9A14-4658-BB9C-644CC02038FC}"
EndProject
Global
	GlobalSection(SolutionConfigurationPlatforms) = preSolution
		Debug|Any CPU = Debug|Any CPU
		Release|Any CPU = Release|Any CPU
	EndGlobalSection
	GlobalSection(ProjectConfigurationPlatforms) = postSolution
		{FE087708-9A14-4658-BB9C-644CC02038FC}.Debug|Any CPU.ActiveCfg = Debug|Any CPU
		{FE087708-9A14-4658-BB9C-644CC02038FC}.Debug|Any CPU.Build.0 = Debug|Any CPU
		{FE087708-9A14-4658-BB9C-644CC02038FC}.Release|Any CPU.ActiveCfg = Release|Any CPU
		{FE087708-9A14-4658-BB9C-644CC02038FC}.Release|Any CPU.Build.0 = Release|Any CPU
	EndGlobalSection
EndGlobal
